
Microsoft Visual Studio Solution File, Format Version 12.00
# Visual Studio Version 16
VisualStudioVersion = 16.0.30711.63
MinimumVisualStudioVersion = 10.0.40219.1
Project("{FAE04EC0-301F-11D3-BF4B-00C04F79EFBC}") = "Aquila", "src\Aquila\Aquila.csproj", "{86178133-1BF5-4EB1-8110-441E4EECF979}"
EndProject
Project("{FAE04EC0-301F-11D3-BF4B-00C04F79EFBC}") = "Aquila.Tests", "src\Aquila.Tests\Aquila.Tests.csproj", "{994ABAB9-2853-408A-BAC7-323B44C33F4F}"
EndProject
Project("{2150E333-8FDC-42A3-9474-1A3956D46DE8}") = "Solution Items", "Solution Items", "{84B096BC-682C-4514-9962-81B109F75533}"
	ProjectSection(SolutionItems) = preProject
		changelog.txt = changelog.txt
		README.md = README.md
	EndProjectSection
EndProject
Project("{FAE04EC0-301F-11D3-BF4B-00C04F79EFBC}") = "WinAquila", "src\WinAquila\WinAquila.csproj", "{65529B4A-BFDB-44DA-87D1-3BBA226070D6}"
EndProject
Project("{FAE04EC0-301F-11D3-BF4B-00C04F79EFBC}") = "Aquila.IISModule", "src\Aquila.IISModule\Aquila.IISModule.csproj", "{F128DC15-B2BE-4084-B989-B5D6B95D89D1}"
EndProject
Project("{FAE04EC0-301F-11D3-BF4B-00C04F79EFBC}") = "AquilaCore", "src\AquilaCore\AquilaCore.csproj", "{788C55ED-2D50-4293-95D9-DA91F29232FC}"
EndProject
Project("{2150E333-8FDC-42A3-9474-1A3956D46DE8}") = "Dotnet4.5", "Dotnet4.5", "{0EEFD321-2708-484E-B045-5CF08721B7F0}"
EndProject
Project("{2150E333-8FDC-42A3-9474-1A3956D46DE8}") = "Dotnet5", "Dotnet5", "{A2E78C4D-46C4-411E-AAB5-85D1055673AB}"
EndProject
Project("{FAE04EC0-301F-11D3-BF4B-00C04F79EFBC}") = "AquilaCore.Tests", "src\AquilaCore.Tests\AquilaCore.Tests.csproj", "{7ED009B4-A12A-4DE7-8CC0-EBBDCD531935}"
EndProject
Global
	GlobalSection(SolutionConfigurationPlatforms) = preSolution
		Debug|Any CPU = Debug|Any CPU
		Release|Any CPU = Release|Any CPU
	EndGlobalSection
	GlobalSection(ProjectConfigurationPlatforms) = postSolution
		{86178133-1BF5-4EB1-8110-441E4EECF979}.Debug|Any CPU.ActiveCfg = Debug|Any CPU
		{86178133-1BF5-4EB1-8110-441E4EECF979}.Debug|Any CPU.Build.0 = Debug|Any CPU
		{86178133-1BF5-4EB1-8110-441E4EECF979}.Release|Any CPU.ActiveCfg = Release|Any CPU
		{86178133-1BF5-4EB1-8110-441E4EECF979}.Release|Any CPU.Build.0 = Release|Any CPU
		{994ABAB9-2853-408A-BAC7-323B44C33F4F}.Debug|Any CPU.ActiveCfg = Debug|Any CPU
		{994ABAB9-2853-408A-BAC7-323B44C33F4F}.Debug|Any CPU.Build.0 = Debug|Any CPU
		{994ABAB9-2853-408A-BAC7-323B44C33F4F}.Release|Any CPU.ActiveCfg = Release|Any CPU
		{994ABAB9-2853-408A-BAC7-323B44C33F4F}.Release|Any CPU.Build.0 = Release|Any CPU
		{65529B4A-BFDB-44DA-87D1-3BBA226070D6}.Debug|Any CPU.ActiveCfg = Debug|Any CPU
		{65529B4A-BFDB-44DA-87D1-3BBA226070D6}.Debug|Any CPU.Build.0 = Debug|Any CPU
		{65529B4A-BFDB-44DA-87D1-3BBA226070D6}.Release|Any CPU.ActiveCfg = Release|Any CPU
		{65529B4A-BFDB-44DA-87D1-3BBA226070D6}.Release|Any CPU.Build.0 = Release|Any CPU
		{F128DC15-B2BE-4084-B989-B5D6B95D89D1}.Debug|Any CPU.ActiveCfg = Debug|Any CPU
		{F128DC15-B2BE-4084-B989-B5D6B95D89D1}.Debug|Any CPU.Build.0 = Debug|Any CPU
		{F128DC15-B2BE-4084-B989-B5D6B95D89D1}.Release|Any CPU.ActiveCfg = Release|Any CPU
		{F128DC15-B2BE-4084-B989-B5D6B95D89D1}.Release|Any CPU.Build.0 = Release|Any CPU
		{788C55ED-2D50-4293-95D9-DA91F29232FC}.Debug|Any CPU.ActiveCfg = Debug|Any CPU
		{788C55ED-2D50-4293-95D9-DA91F29232FC}.Debug|Any CPU.Build.0 = Debug|Any CPU
		{788C55ED-2D50-4293-95D9-DA91F29232FC}.Release|Any CPU.ActiveCfg = Release|Any CPU
		{788C55ED-2D50-4293-95D9-DA91F29232FC}.Release|Any CPU.Build.0 = Release|Any CPU
		{7ED009B4-A12A-4DE7-8CC0-EBBDCD531935}.Debug|Any CPU.ActiveCfg = Debug|Any CPU
		{7ED009B4-A12A-4DE7-8CC0-EBBDCD531935}.Debug|Any CPU.Build.0 = Debug|Any CPU
		{7ED009B4-A12A-4DE7-8CC0-EBBDCD531935}.Release|Any CPU.ActiveCfg = Release|Any CPU
		{7ED009B4-A12A-4DE7-8CC0-EBBDCD531935}.Release|Any CPU.Build.0 = Release|Any CPU
	EndGlobalSection
	GlobalSection(SolutionProperties) = preSolution
		HideSolutionNode = FALSE
	EndGlobalSection
	GlobalSection(NestedProjects) = preSolution
		{86178133-1BF5-4EB1-8110-441E4EECF979} = {0EEFD321-2708-484E-B045-5CF08721B7F0}
		{994ABAB9-2853-408A-BAC7-323B44C33F4F} = {0EEFD321-2708-484E-B045-5CF08721B7F0}
		{F128DC15-B2BE-4084-B989-B5D6B95D89D1} = {0EEFD321-2708-484E-B045-5CF08721B7F0}
		{788C55ED-2D50-4293-95D9-DA91F29232FC} = {A2E78C4D-46C4-411E-AAB5-85D1055673AB}
		{7ED009B4-A12A-4DE7-8CC0-EBBDCD531935} = {A2E78C4D-46C4-411E-AAB5-85D1055673AB}
	EndGlobalSection
	GlobalSection(ExtensibilityGlobals) = postSolution
		SolutionGuid = {8424448E-D306-478C-9CFF-1BC7A7999576}
	EndGlobalSection
EndGlobal
